
Microsoft Visual Studio Solution File, Format Version 12.00
# Visual Studio 15
VisualStudioVersion = 15.0.26430.16
MinimumVisualStudioVersion = 10.0.40219.1
Project("{FAE04EC0-301F-11D3-BF4B-00C04F79EFBC}") = "EagleAPI", "EagleAPI\EagleAPI.csproj", "{93B27642-3FB9-4D70-B565-841B0617DADC}"
EndProject
Project("{FAE04EC0-301F-11D3-BF4B-00C04F79EFBC}") = "EagleDAL", "EagleDAL\EagleDAL.csproj", "{41CEFB26-ACE1-4B19-A2D7-0D4D6C901882}"
EndProject
Project("{FAE04EC0-301F-11D3-BF4B-00C04F79EFBC}") = "EagleBLL", "EagleBLL\EagleBLL.csproj", "{C2116940-256F-4AA9-AC7B-14C00902B82E}"
EndProject
Project("{FAE04EC0-301F-11D3-BF4B-00C04F79EFBC}") = "EagleEntities", "EagleEntities\EagleEntities.csproj", "{5CB3430B-4E03-4EF2-A391-B6802085BE0E}"
EndProject
Project("{2150E333-8FDC-42A3-9474-1A3956D46DE8}") = "Solution Items", "Solution Items", "{187F00A2-795E-40A5-BFA6-70DA9FF6F90F}"
	ProjectSection(SolutionItems) = preProject
		CRUD GENERATOR SQL.txt = CRUD GENERATOR SQL.txt
		ModeloBLL.txt = ModeloBLL.txt
		ModeloController.txt = ModeloController.txt
		ModeloDAL.txt = ModeloDAL.txt
		QueryDelete.txt = QueryDelete.txt
		QueryInsert.txt = QueryInsert.txt
		QuerySelect.txt = QuerySelect.txt
		QueryUpdate.txt = QueryUpdate.txt
	EndProjectSection
EndProject
Project("{FAE04EC0-301F-11D3-BF4B-00C04F79EFBC}") = "CRUD Generator", "CRUD Generator\CRUD Generator.csproj", "{E42895FB-A283-4B39-962E-D43841F0EC2C}"
EndProject
Global
	GlobalSection(SolutionConfigurationPlatforms) = preSolution
		Debug|Any CPU = Debug|Any CPU
		Release|Any CPU = Release|Any CPU
	EndGlobalSection
	GlobalSection(ProjectConfigurationPlatforms) = postSolution
		{93B27642-3FB9-4D70-B565-841B0617DADC}.Debug|Any CPU.ActiveCfg = Debug|Any CPU
		{93B27642-3FB9-4D70-B565-841B0617DADC}.Debug|Any CPU.Build.0 = Debug|Any CPU
		{93B27642-3FB9-4D70-B565-841B0617DADC}.Release|Any CPU.ActiveCfg = Release|Any CPU
		{93B27642-3FB9-4D70-B565-841B0617DADC}.Release|Any CPU.Build.0 = Release|Any CPU
		{41CEFB26-ACE1-4B19-A2D7-0D4D6C901882}.Debug|Any CPU.ActiveCfg = Debug|Any CPU
		{41CEFB26-ACE1-4B19-A2D7-0D4D6C901882}.Debug|Any CPU.Build.0 = Debug|Any CPU
		{41CEFB26-ACE1-4B19-A2D7-0D4D6C901882}.Release|Any CPU.ActiveCfg = Release|Any CPU
		{41CEFB26-ACE1-4B19-A2D7-0D4D6C901882}.Release|Any CPU.Build.0 = Release|Any CPU
		{C2116940-256F-4AA9-AC7B-14C00902B82E}.Debug|Any CPU.ActiveCfg = Debug|Any CPU
		{C2116940-256F-4AA9-AC7B-14C00902B82E}.Debug|Any CPU.Build.0 = Debug|Any CPU
		{C2116940-256F-4AA9-AC7B-14C00902B82E}.Release|Any CPU.ActiveCfg = Release|Any CPU
		{C2116940-256F-4AA9-AC7B-14C00902B82E}.Release|Any CPU.Build.0 = Release|Any CPU
		{5CB3430B-4E03-4EF2-A391-B6802085BE0E}.Debug|Any CPU.ActiveCfg = Debug|Any CPU
		{5CB3430B-4E03-4EF2-A391-B6802085BE0E}.Debug|Any CPU.Build.0 = Debug|Any CPU
		{5CB3430B-4E03-4EF2-A391-B6802085BE0E}.Release|Any CPU.ActiveCfg = Release|Any CPU
		{5CB3430B-4E03-4EF2-A391-B6802085BE0E}.Release|Any CPU.Build.0 = Release|Any CPU
		{E42895FB-A283-4B39-962E-D43841F0EC2C}.Debug|Any CPU.ActiveCfg = Debug|Any CPU
		{E42895FB-A283-4B39-962E-D43841F0EC2C}.Debug|Any CPU.Build.0 = Debug|Any CPU
		{E42895FB-A283-4B39-962E-D43841F0EC2C}.Release|Any CPU.ActiveCfg = Release|Any CPU
		{E42895FB-A283-4B39-962E-D43841F0EC2C}.Release|Any CPU.Build.0 = Release|Any CPU
	EndGlobalSection
	GlobalSection(SolutionProperties) = preSolution
		HideSolutionNode = FALSE
	EndGlobalSection
EndGlobal
